<?xml version="1.0" encoding="utf-8"?>
<Project ToolsVersion="4.0" xmlns="http://schemas.microsoft.com/developer/msbuild/2003">
  <ItemGroup>
    <CudaCompile Include="GPU.cu">
      <Filter>src</Filter>
    </CudaCompile>
  </ItemGroup>
  <ItemGroup>
    <Filter Include="src">
      <UniqueIdentifier>{c313cadf-3bc5-4eac-9f32-36ed2aba8215}</UniqueIdentifier>
    </Filter>
    <Filter Include="inc">
      <UniqueIdentifier>{71087e84-bf90-41f6-abfe-14bdde552c66}</UniqueIdentifier>
    </Filter>
  </ItemGroup>
  <ItemGroup>
    <ClInclude Include="parameters.h">
      <Filter>inc</Filter>
    </ClInclude>
    <ClInclude Include="Utils.h">
      <Filter>inc</Filter>
    </ClInclude>
    <ClInclude Include="CPU.h">
      <Filter>inc</Filter>
    </ClInclude>
    <ClInclude Include="GPU.cuh">
      <Filter>inc</Filter>
    </ClInclude>
  </ItemGroup>
  <ItemGroup>
    <ClCompile Include="Utils.cpp">
      <Filter>src</Filter>
    </ClCompile>
    <ClCompile Include="CPU.cpp">
      <Filter>src</Filter>
    </ClCompile>
    <ClCompile Include="main.cu">
      <Filter>src</Filter>
    </ClCompile>
  </ItemGroup>
</Project>